
Microsoft Visual Studio Solution File, Format Version 12.00
# Visual Studio Version 17
VisualStudioVersion = 17.5.002.0
MinimumVisualStudioVersion = 10.0.40219.1
Project("{9A19103F-16F7-4668-BE54-9A1E7A4F7556}") = "service_deskjr", "service_deskjr\service_deskjr.csproj", "{E89028AE-FDB5-4740-9239-38EEFDC3E992}"
EndProject
Global
	GlobalSection(SolutionConfigurationPlatforms) = preSolution
		Debug|Any CPU = Debug|Any CPU
		Release|Any CPU = Release|Any CPU
	EndGlobalSection
	GlobalSection(ProjectConfigurationPlatforms) = postSolution
		{E89028AE-FDB5-4740-9239-38EEFDC3E992}.Debug|Any CPU.ActiveCfg = Debug|Any CPU
		{E89028AE-FDB5-4740-9239-38EEFDC3E992}.Debug|Any CPU.Build.0 = Debug|Any CPU
		{E89028AE-FDB5-4740-9239-38EEFDC3E992}.Release|Any CPU.ActiveCfg = Release|Any CPU
		{E89028AE-FDB5-4740-9239-38EEFDC3E992}.Release|Any CPU.Build.0 = Release|Any CPU
	EndGlobalSection
	GlobalSection(SolutionProperties) = preSolution
		HideSolutionNode = FALSE
	EndGlobalSection
	GlobalSection(ExtensibilityGlobals) = postSolution
		SolutionGuid = {FD1D32A3-268F-4A2B-B1E1-6F04D21F364A}
	EndGlobalSection
EndGlobal
